// !$*UTF8*$!
{
	archiveVersion = 1;
	classes = {
	};
	objectVersion = 46;
	objects = {

/* Begin PBXBuildFile section */
		7D39C3081A52AB8900502D2D /* memory.c in Sources */ = {isa = PBXBuildFile; fileRef = 7D39C3071A52AB8900502D2D /* memory.c */; };
		7D39C30B1A52AD5F00502D2D /* utils.c in Sources */ = {isa = PBXBuildFile; fileRef = 7D39C3091A52AD5F00502D2D /* utils.c */; };
		7D9408A61A4987AD00CD130C /* main.c in Sources */ = {isa = PBXBuildFile; fileRef = 7D9408A51A4987AD00CD130C /* main.c */; };
/* End PBXBuildFile section */

/* Begin PBXCopyFilesBuildPhase section */
		7D4DC03F1A42342500DBAF8C /* CopyFiles */ = {
			isa = PBXCopyFilesBuildPhase;
			buildActionMask = 2147483647;
			dstPath = /usr/share/man/man1/;
			dstSubfolderSpec = 0;
			files = (
			);
			runOnlyForDeploymentPostprocessing = 1;
		};
/* End PBXCopyFilesBuildPhase section */

/* Begin PBXFileReference section */
		7D39C3061A52AB5700502D2D /* memory.h */ = {isa = PBXFileReference; lastKnownFileType = sourcecode.c.h; path = memory.h; sourceTree = "<group>"; };
		7D39C3071A52AB8900502D2D /* memory.c */ = {isa = PBXFileReference; fileEncoding = 4; lastKnownFileType = sourcecode.c.c; path = memory.c; sourceTree = "<group>"; };
		7D39C3091A52AD5F00502D2D /* utils.c */ = {isa = PBXFileReference; fileEncoding = 4; lastKnownFileType = sourcecode.c.c; path = utils.c; sourceTree = "<group>"; };
		7D39C30A1A52AD5F00502D2D /* utils.h */ = {isa = PBXFileReference; fileEncoding = 4; lastKnownFileType = sourcecode.c.h; path = utils.h; sourceTree = "<group>"; };
		7D39C30C1A52B4B700502D2D /* memtype.h */ = {isa = PBXFileReference; lastKnownFileType = sourcecode.c.h; path = memtype.h; sourceTree = "<group>"; };
		7D4DC0411A42342500DBAF8C /* progsys */ = {isa = PBXFileReference; explicitFileType = "compiled.mach-o.executable"; includeInIndex = 0; path = progsys; sourceTree = BUILT_PRODUCTS_DIR; };
		7D4DC04B1A4234ED00DBAF8C /* GESTION_MEMOIRE.pdf */ = {isa = PBXFileReference; lastKnownFileType = image.pdf; name = GESTION_MEMOIRE.pdf; path = ../GESTION_MEMOIRE.pdf; sourceTree = "<group>"; };
		7D4DC04D1A44255700DBAF8C /* main.h */ = {isa = PBXFileReference; lastKnownFileType = sourcecode.c.h; path = main.h; sourceTree = "<group>"; };
		7D9408A51A4987AD00CD130C /* main.c */ = {isa = PBXFileReference; fileEncoding = 4; lastKnownFileType = sourcecode.c.c; path = main.c; sourceTree = "<group>"; };
/* End PBXFileReference section */

/* Begin PBXFrameworksBuildPhase section */
		7D4DC03E1A42342500DBAF8C /* Frameworks */ = {
			isa = PBXFrameworksBuildPhase;
			buildActionMask = 2147483647;
			files = (
			);
			runOnlyForDeploymentPostprocessing = 0;
		};
/* End PBXFrameworksBuildPhase section */

/* Begin PBXGroup section */
		7D4DC0381A42342500DBAF8C = {
			isa = PBXGroup;
			children = (
				7D4DC04C1A42350400DBAF8C /* resources */,
				7D4DC0431A42342500DBAF8C /* progsys */,
				7D4DC0421A42342500DBAF8C /* Products */,
			);
			sourceTree = "<group>";
		};
		7D4DC0421A42342500DBAF8C /* Products */ = {
			isa = PBXGroup;
			children = (
				7D4DC0411A42342500DBAF8C /* progsys */,
			);
			name = Products;
			sourceTree = "<group>";
		};
		7D4DC0431A42342500DBAF8C /* progsys */ = {
			isa = PBXGroup;
			children = (
				7D9408A51A4987AD00CD130C /* main.c */,
				7D4DC04D1A44255700DBAF8C /* main.h */,
				7D39C3061A52AB5700502D2D /* memory.h */,
				7D39C3071A52AB8900502D2D /* memory.c */,
				7D39C3091A52AD5F00502D2D /* utils.c */,
				7D39C30A1A52AD5F00502D2D /* utils.h */,
				7D39C30C1A52B4B700502D2D /* memtype.h */,
			);
			path = progsys;
			sourceTree = "<group>";
		};
		7D4DC04C1A42350400DBAF8C /* resources */ = {
			isa = PBXGroup;
			children = (
				7D4DC04B1A4234ED00DBAF8C /* GESTION_MEMOIRE.pdf */,
			);
			path = resources;
			sourceTree = "<group>";
		};
/* End PBXGroup section */

/* Begin PBXNativeTarget section */
		7D4DC0401A42342500DBAF8C /* progsys */ = {
			isa = PBXNativeTarget;
			buildConfigurationList = 7D4DC0481A42342500DBAF8C /* Build configuration list for PBXNativeTarget "progsys" */;
			buildPhases = (
				7D4DC03D1A42342500DBAF8C /* Sources */,
				7D4DC03E1A42342500DBAF8C /* Frameworks */,
				7D4DC03F1A42342500DBAF8C /* CopyFiles */,
			);
			buildRules = (
			);
			dependencies = (
			);
			name = progsys;
			productName = progsys;
			productReference = 7D4DC0411A42342500DBAF8C /* progsys */;
			productType = "com.apple.product-type.tool";
		};
/* End PBXNativeTarget section */

/* Begin PBXProject section */
		7D4DC0391A42342500DBAF8C /* Project object */ = {
			isa = PBXProject;
			attributes = {
				LastUpgradeCheck = 0610;
				ORGANIZATIONNAME = "___EFREI-GENET-ROBERT___";
				TargetAttributes = {
					7D4DC0401A42342500DBAF8C = {
						CreatedOnToolsVersion = 6.1.1;
					};
				};
			};
			buildConfigurationList = 7D4DC03C1A42342500DBAF8C /* Build configuration list for PBXProject "progsys" */;
			compatibilityVersion = "Xcode 3.2";
			developmentRegion = English;
			hasScannedForEncodings = 0;
			knownRegions = (
				en,
			);
			mainGroup = 7D4DC0381A42342500DBAF8C;
			productRefGroup = 7D4DC0421A42342500DBAF8C /* Products */;
			projectDirPath = "";
			projectRoot = "";
			targets = (
				7D4DC0401A42342500DBAF8C /* progsys */,
			);
		};
/* End PBXProject section */

/* Begin PBXSourcesBuildPhase section */
		7D4DC03D1A42342500DBAF8C /* Sources */ = {
			isa = PBXSourcesBuildPhase;
			buildActionMask = 2147483647;
			files = (
				7D39C30B1A52AD5F00502D2D /* utils.c in Sources */,
				7D39C3081A52AB8900502D2D /* memory.c in Sources */,
				7D9408A61A4987AD00CD130C /* main.c in Sources */,
			);
			runOnlyForDeploymentPostprocessing = 0;
		};
/* End PBXSourcesBuildPhase section */

/* Begin XCBuildConfiguration section */
		7D4DC0461A42342500DBAF8C /* Debug */ = {
			isa = XCBuildConfiguration;
			buildSettings = {
				ALWAYS_SEARCH_USER_PATHS = NO;
				CLANG_CXX_LANGUAGE_STANDARD = "gnu++0x";
				CLANG_CXX_LIBRARY = "libc++";
				CLANG_ENABLE_MODULES = YES;
				CLANG_ENABLE_OBJC_ARC = YES;
				CLANG_WARN_BOOL_CONVERSION = YES;
				CLANG_WARN_CONSTANT_CONVERSION = YES;
				CLANG_WARN_DIRECT_OBJC_ISA_USAGE = YES_ERROR;
				CLANG_WARN_EMPTY_BODY = YES;
				CLANG_WARN_ENUM_CONVERSION = YES;
				CLANG_WARN_INT_CONVERSION = YES;
				CLANG_WARN_OBJC_ROOT_CLASS = YES_ERROR;
				CLANG_WARN_UNREACHABLE_CODE = YES;
				CLANG_WARN__DUPLICATE_METHOD_MATCH = YES;
				COPY_PHASE_STRIP = NO;
				ENABLE_STRICT_OBJC_MSGSEND = YES;
				GCC_C_LANGUAGE_STANDARD = gnu99;
				GCC_DYNAMIC_NO_PIC = NO;
				GCC_OPTIMIZATION_LEVEL = 0;
				GCC_PREPROCESSOR_DEFINITIONS = (
					"DEBUG=1",
					"$(inherited)",
				);
				GCC_SYMBOLS_PRIVATE_EXTERN = NO;
				GCC_WARN_64_TO_32_BIT_CONVERSION = YES;
				GCC_WARN_ABOUT_RETURN_TYPE = YES_ERROR;
				GCC_WARN_UNDECLARED_SELECTOR = YES;
				GCC_WARN_UNINITIALIZED_AUTOS = YES_AGGRESSIVE;
				GCC_WARN_UNUSED_FUNCTION = YES;
				GCC_WARN_UNUSED_VARIABLE = YES;
				MACOSX_DEPLOYMENT_TARGET = 10.10;
				MTL_ENABLE_DEBUG_INFO = YES;
				ONLY_ACTIVE_ARCH = YES;
				SDKROOT = macosx;
			};
			name = Debug;
		};
		7D4DC0471A42342500DBAF8C /* Release */ = {
			isa = XCBuildConfiguration;
			buildSettings = {
				ALWAYS_SEARCH_USER_PATHS = NO;
				CLANG_CXX_LANGUAGE_STANDARD = "gnu++0x";
				CLANG_CXX_LIBRARY = "libc++";
				CLANG_ENABLE_MODULES = YES;
				CLANG_ENABLE_OBJC_ARC = YES;
				CLANG_WARN_BOOL_CONVERSION = YES;
				CLANG_WARN_CONSTANT_CONVERSION = YES;
				CLANG_WARN_DIRECT_OBJC_ISA_USAGE = YES_ERROR;
				CLANG_WARN_EMPTY_BODY = YES;
				CLANG_WARN_ENUM_CONVERSION = YES;
				CLANG_WARN_INT_CONVERSION = YES;
				CLANG_WARN_OBJC_ROOT_CLASS = YES_ERROR;
				CLANG_WARN_UNREACHABLE_CODE = YES;
				CLANG_WARN__DUPLICATE_METHOD_MATCH = YES;
				COPY_PHASE_STRIP = YES;
				DEBUG_INFORMATION_FORMAT = "dwarf-with-dsym";
				ENABLE_NS_ASSERTIONS = NO;
				ENABLE_STRICT_OBJC_MSGSEND = YES;
				GCC_C_LANGUAGE_STANDARD = gnu99;
				GCC_WARN_64_TO_32_BIT_CONVERSION = YES;
				GCC_WARN_ABOUT_RETURN_TYPE = YES_ERROR;
				GCC_WARN_UNDECLARED_SELECTOR = YES;
				GCC_WARN_UNINITIALIZED_AUTOS = YES_AGGRESSIVE;
				GCC_WARN_UNUSED_FUNCTION = YES;
				GCC_WARN_UNUSED_VARIABLE = YES;
				MACOSX_DEPLOYMENT_TARGET = 10.10;
				MTL_ENABLE_DEBUG_INFO = NO;
				SDKROOT = macosx;
			};
			name = Release;
		};
		7D4DC0491A42342500DBAF8C /* Debug */ = {
			isa = XCBuildConfiguration;
			buildSettings = {
				PRODUCT_NAME = "$(TARGET_NAME)";
			};
			name = Debug;
		};
		7D4DC04A1A42342500DBAF8C /* Release */ = {
			isa = XCBuildConfiguration;
			buildSettings = {
				PRODUCT_NAME = "$(TARGET_NAME)";
			};
			name = Release;
		};
/* End XCBuildConfiguration section */

/* Begin XCConfigurationList section */
		7D4DC03C1A42342500DBAF8C /* Build configuration list for PBXProject "progsys" */ = {
			isa = XCConfigurationList;
			buildConfigurations = (
				7D4DC0461A42342500DBAF8C /* Debug */,
				7D4DC0471A42342500DBAF8C /* Release */,
			);
			defaultConfigurationIsVisible = 0;
			defaultConfigurationName = Release;
		};
		7D4DC0481A42342500DBAF8C /* Build configuration list for PBXNativeTarget "progsys" */ = {
			isa = XCConfigurationList;
			buildConfigurations = (
				7D4DC0491A42342500DBAF8C /* Debug */,
				7D4DC04A1A42342500DBAF8C /* Release */,
			);
			defaultConfigurationIsVisible = 0;
			defaultConfigurationName = Release;
		};
/* End XCConfigurationList section */
	};
	rootObject = 7D4DC0391A42342500DBAF8C /* Project object */;
}
